{
    "_meta": {
        "hash": {
            "sha256": "f3bbbccdcecc52e67fa25e4b83d5b247385b65e7f5685a3a59ccc06ec319bfbf"
        },
        "pipfile-spec": 6,
        "requires": {
            "python_version": "3.7"
        },
        "sources": [
            {
                "name": "pypi",
                "url": "https://pypi.org/simple",
                "verify_ssl": true
            }
        ]
    },
    "default": {
        "typeguard": {
            "hashes": [
                "sha256:529ef3d88189cc457f4340388028412f71be8091c2c943465146d4170fb67288",
                "sha256:e258567e62d28f9a51d4f7c71f491154e9ef0889286ad2f37e3e22e4f668b21b"
            ],
            "index": "pypi",
            "version": "==2.9.1"
        }
    },
    "develop": {}
}
